
Microsoft Visual Studio Solution File, Format Version 12.00
# Visual Studio Version 17
VisualStudioVersion = 17.1.32421.90
MinimumVisualStudioVersion = 10.0.40219.1
Project("{FAE04EC0-301F-11D3-BF4B-00C04F79EFBC}") = "CalculaorAppFinalProject", "CalculaorAppFinalProject\CalculaorAppFinalProject.csproj", "{56485839-786F-47BD-A26E-32D4E540F215}"
EndProject
Global
	GlobalSection(SolutionConfigurationPlatforms) = preSolution
		Debug|Any CPU = Debug|Any CPU
		Release|Any CPU = Release|Any CPU
	EndGlobalSection
	GlobalSection(ProjectConfigurationPlatforms) = postSolution
		{56485839-786F-47BD-A26E-32D4E540F215}.Debug|Any CPU.ActiveCfg = Debug|Any CPU
		{56485839-786F-47BD-A26E-32D4E540F215}.Debug|Any CPU.Build.0 = Debug|Any CPU
		{56485839-786F-47BD-A26E-32D4E540F215}.Release|Any CPU.ActiveCfg = Release|Any CPU
		{56485839-786F-47BD-A26E-32D4E540F215}.Release|Any CPU.Build.0 = Release|Any CPU
	EndGlobalSection
	GlobalSection(SolutionProperties) = preSolution
		HideSolutionNode = FALSE
	EndGlobalSection
	GlobalSection(ExtensibilityGlobals) = postSolution
		SolutionGuid = {0C6D3415-D907-4FEE-BC0E-4BAC8AC0B38F}
	EndGlobalSection
EndGlobal
